{
  "name": "bookstack-cli",
  "version": "1.0.0",
  "lockfileVersion": 3,
  "requires": true,
  "packages": {
    "": {
      "name": "bookstack-cli",
      "version": "1.0.0",
      "license": "ISC",
      "dependencies": {
        "bookstack-sdk": "^1.0.1",
        "commander": "^14.0.3"
      },
      "bin": {
        "book-cli": "cli.js"
      }
    },
    "node_modules/bookstack-sdk": {
      "version": "1.0.1",
      "resolved": "https://registry.npmjs.org/bookstack-sdk/-/bookstack-sdk-1.0.1.tgz",
      "integrity": "sha512-+L8ph2iwsKOhKbUCjYy5XuSU96CKVd+m7fuTRSdeT31pIhvFEQaXXvQosYtCKaKJPI7YHgsT0Ik8jemX8y76KQ==",
      "license": "ISC"
    },
    "node_modules/commander": {
      "version": "14.0.3",
      "resolved": "https://registry.npmjs.org/commander/-/commander-14.0.3.tgz",
      "integrity": "sha512-H+y0Jo/T1RZ9qPP4Eh1pkcQcLRglraJaSLoyOtHxu6AapkjWVCy2Sit1QQ4x3Dng8qDlSsZEet7g5Pq06MvTgw==",
      "license": "MIT",
      "engines": {
        "node": ">=20"
      }
    }
  }
}
